
Microsoft Visual Studio Solution File, Format Version 12.00
# Visual Studio Version 17
VisualStudioVersion = 17.10.35013.160
MinimumVisualStudioVersion = 10.0.40219.1
Project("{9A19103F-16F7-4668-BE54-9A1E7A4F7556}") = "Taurob.Api.Presentation.WebApi", "src\Presentation\WebApi\Taurob.Api.Presentation.WebApi.csproj", "{602DD22A-BCE9-4ABA-B4D6-12F35DE5F4DD}"
EndProject
Project("{9A19103F-16F7-4668-BE54-9A1E7A4F7556}") = "Taurob.Api.Application", "src\Application\Taurob.Api.Application.csproj", "{BB12B75F-71A5-41CF-8E91-8B8A65FE3C7D}"
EndProject
Project("{9A19103F-16F7-4668-BE54-9A1E7A4F7556}") = "Taurob.Api.Domain", "src\Domain\Taurob.Api.Domain.csproj", "{EDF180A9-424E-4399-B9AE-3DD6A7501630}"
EndProject
Project("{9A19103F-16F7-4668-BE54-9A1E7A4F7556}") = "Taurob.Api.Core", "src\Core\Taurob.Api.Core.csproj", "{EAE7CED3-1900-4F6E-A02F-DA46D54998C9}"
EndProject
Project("{9A19103F-16F7-4668-BE54-9A1E7A4F7556}") = "Taurob.Api.Infrastructure.Data", "src\Infrastructure\Data\Taurob.Api.Infrastructure.Data.csproj", "{602EA1F9-E7B4-4670-AADF-A6846F90E5D5}"
EndProject
Project("{9A19103F-16F7-4668-BE54-9A1E7A4F7556}") = "Taurob.Api.Presentation.Ioc", "src\Presentation\Ioc\Taurob.Api.Presentation.Ioc.csproj", "{4D966071-C7C9-4AA1-BF01-3DDA2E0CC46B}"
EndProject
Project("{FAE04EC0-301F-11D3-BF4B-00C04F79EFBC}") = "Taurob.Api.Presentation.Shared", "src\Presentation\Taurob.Api.Presentation.Shared\Taurob.Api.Presentation.Shared.csproj", "{478D5651-9803-4FF0-A5DB-028DAABE5920}"
EndProject
Global
	GlobalSection(SolutionConfigurationPlatforms) = preSolution
		Debug|Any CPU = Debug|Any CPU
		Release|Any CPU = Release|Any CPU
	EndGlobalSection
	GlobalSection(ProjectConfigurationPlatforms) = postSolution
		{602DD22A-BCE9-4ABA-B4D6-12F35DE5F4DD}.Debug|Any CPU.ActiveCfg = Debug|Any CPU
		{602DD22A-BCE9-4ABA-B4D6-12F35DE5F4DD}.Debug|Any CPU.Build.0 = Debug|Any CPU
		{602DD22A-BCE9-4ABA-B4D6-12F35DE5F4DD}.Release|Any CPU.ActiveCfg = Release|Any CPU
		{602DD22A-BCE9-4ABA-B4D6-12F35DE5F4DD}.Release|Any CPU.Build.0 = Release|Any CPU
		{BB12B75F-71A5-41CF-8E91-8B8A65FE3C7D}.Debug|Any CPU.ActiveCfg = Debug|Any CPU
		{BB12B75F-71A5-41CF-8E91-8B8A65FE3C7D}.Debug|Any CPU.Build.0 = Debug|Any CPU
		{BB12B75F-71A5-41CF-8E91-8B8A65FE3C7D}.Release|Any CPU.ActiveCfg = Release|Any CPU
		{BB12B75F-71A5-41CF-8E91-8B8A65FE3C7D}.Release|Any CPU.Build.0 = Release|Any CPU
		{EDF180A9-424E-4399-B9AE-3DD6A7501630}.Debug|Any CPU.ActiveCfg = Debug|Any CPU
		{EDF180A9-424E-4399-B9AE-3DD6A7501630}.Debug|Any CPU.Build.0 = Debug|Any CPU
		{EDF180A9-424E-4399-B9AE-3DD6A7501630}.Release|Any CPU.ActiveCfg = Release|Any CPU
		{EDF180A9-424E-4399-B9AE-3DD6A7501630}.Release|Any CPU.Build.0 = Release|Any CPU
		{EAE7CED3-1900-4F6E-A02F-DA46D54998C9}.Debug|Any CPU.ActiveCfg = Debug|Any CPU
		{EAE7CED3-1900-4F6E-A02F-DA46D54998C9}.Debug|Any CPU.Build.0 = Debug|Any CPU
		{EAE7CED3-1900-4F6E-A02F-DA46D54998C9}.Release|Any CPU.ActiveCfg = Release|Any CPU
		{EAE7CED3-1900-4F6E-A02F-DA46D54998C9}.Release|Any CPU.Build.0 = Release|Any CPU
		{602EA1F9-E7B4-4670-AADF-A6846F90E5D5}.Debug|Any CPU.ActiveCfg = Debug|Any CPU
		{602EA1F9-E7B4-4670-AADF-A6846F90E5D5}.Debug|Any CPU.Build.0 = Debug|Any CPU
		{602EA1F9-E7B4-4670-AADF-A6846F90E5D5}.Release|Any CPU.ActiveCfg = Release|Any CPU
		{602EA1F9-E7B4-4670-AADF-A6846F90E5D5}.Release|Any CPU.Build.0 = Release|Any CPU
		{4D966071-C7C9-4AA1-BF01-3DDA2E0CC46B}.Debug|Any CPU.ActiveCfg = Debug|Any CPU
		{4D966071-C7C9-4AA1-BF01-3DDA2E0CC46B}.Debug|Any CPU.Build.0 = Debug|Any CPU
		{4D966071-C7C9-4AA1-BF01-3DDA2E0CC46B}.Release|Any CPU.ActiveCfg = Release|Any CPU
		{4D966071-C7C9-4AA1-BF01-3DDA2E0CC46B}.Release|Any CPU.Build.0 = Release|Any CPU
		{478D5651-9803-4FF0-A5DB-028DAABE5920}.Debug|Any CPU.ActiveCfg = Debug|Any CPU
		{478D5651-9803-4FF0-A5DB-028DAABE5920}.Debug|Any CPU.Build.0 = Debug|Any CPU
		{478D5651-9803-4FF0-A5DB-028DAABE5920}.Release|Any CPU.ActiveCfg = Release|Any CPU
		{478D5651-9803-4FF0-A5DB-028DAABE5920}.Release|Any CPU.Build.0 = Release|Any CPU
	EndGlobalSection
	GlobalSection(SolutionProperties) = preSolution
		HideSolutionNode = FALSE
	EndGlobalSection
	GlobalSection(ExtensibilityGlobals) = postSolution
		SolutionGuid = {BAB19C11-4AFE-4C9E-BF69-B541377EEEF4}
	EndGlobalSection
EndGlobal
